
Microsoft Visual Studio Solution File, Format Version 12.00
# Visual Studio 15
VisualStudioVersion = 15.0.27703.2035
MinimumVisualStudioVersion = 10.0.40219.1
Project("{FAE04EC0-301F-11D3-BF4B-00C04F79EFBC}") = "testes-appium-C-sharp", "testes-appium-C-sharp.csproj", "{590823B6-03E1-449A-BAA5-BA773F512A6F}"
EndProject
Global
	GlobalSection(SolutionConfigurationPlatforms) = preSolution
		Debug|Any CPU = Debug|Any CPU
		Release|Any CPU = Release|Any CPU
	EndGlobalSection
	GlobalSection(ProjectConfigurationPlatforms) = postSolution
		{590823B6-03E1-449A-BAA5-BA773F512A6F}.Debug|Any CPU.ActiveCfg = Debug|Any CPU
		{590823B6-03E1-449A-BAA5-BA773F512A6F}.Debug|Any CPU.Build.0 = Debug|Any CPU
		{590823B6-03E1-449A-BAA5-BA773F512A6F}.Release|Any CPU.ActiveCfg = Release|Any CPU
		{590823B6-03E1-449A-BAA5-BA773F512A6F}.Release|Any CPU.Build.0 = Release|Any CPU
	EndGlobalSection
	GlobalSection(SolutionProperties) = preSolution
		HideSolutionNode = FALSE
	EndGlobalSection
	GlobalSection(ExtensibilityGlobals) = postSolution
		SolutionGuid = {17A6F988-F185-4BAB-9C9B-B9076F258276}
	EndGlobalSection
EndGlobal
